
Microsoft Visual Studio Solution File, Format Version 12.00
# Visual Studio Version 17
VisualStudioVersion = 17.4.33205.214
MinimumVisualStudioVersion = 10.0.40219.1
Project("{8BC9CEB8-8B4A-11D0-8D11-00A0C91BC942}") = "2023-CPP-201", "2023-CPP-201\2023-CPP-201.vcxproj", "{7C3BB3B1-A738-4E58-A098-E1BE21142102}"
EndProject
Project("{2150E333-8FDC-42A3-9474-1A3956D46DE8}") = "Solution Items", "Solution Items", "{07ABD6FA-5D50-4AF2-B0B5-8A5903BF980B}"
	ProjectSection(SolutionItems) = preProject
		.gitignore = .gitignore
	EndProjectSection
EndProject
Project("{8BC9CEB8-8B4A-11D0-8D11-00A0C91BC942}") = "SnakeGame", "SnakeGame\SnakeGame.vcxproj", "{B7C4E66C-1A7D-4515-991D-31CDB0748B74}"
EndProject
Project("{8BC9CEB8-8B4A-11D0-8D11-00A0C91BC942}") = "Inheritance", "Inheritance\Inheritance.vcxproj", "{1F824A12-BC5A-4D89-B60C-367CEBC8ED4E}"
EndProject
Project("{8BC9CEB8-8B4A-11D0-8D11-00A0C91BC942}") = "FileSplit", "FileSplit\FileSplit.vcxproj", "{12804F0D-E48C-4240-8054-C53DA0BAFD11}"
EndProject
Global
	GlobalSection(SolutionConfigurationPlatforms) = preSolution
		Debug|x64 = Debug|x64
		Debug|x86 = Debug|x86
		Release|x64 = Release|x64
		Release|x86 = Release|x86
	EndGlobalSection
	GlobalSection(ProjectConfigurationPlatforms) = postSolution
		{7C3BB3B1-A738-4E58-A098-E1BE21142102}.Debug|x64.ActiveCfg = Debug|x64
		{7C3BB3B1-A738-4E58-A098-E1BE21142102}.Debug|x64.Build.0 = Debug|x64
		{7C3BB3B1-A738-4E58-A098-E1BE21142102}.Debug|x86.ActiveCfg = Debug|Win32
		{7C3BB3B1-A738-4E58-A098-E1BE21142102}.Debug|x86.Build.0 = Debug|Win32
		{7C3BB3B1-A738-4E58-A098-E1BE21142102}.Release|x64.ActiveCfg = Release|x64
		{7C3BB3B1-A738-4E58-A098-E1BE21142102}.Release|x64.Build.0 = Release|x64
		{7C3BB3B1-A738-4E58-A098-E1BE21142102}.Release|x86.ActiveCfg = Release|Win32
		{7C3BB3B1-A738-4E58-A098-E1BE21142102}.Release|x86.Build.0 = Release|Win32
		{B7C4E66C-1A7D-4515-991D-31CDB0748B74}.Debug|x64.ActiveCfg = Debug|x64
		{B7C4E66C-1A7D-4515-991D-31CDB0748B74}.Debug|x64.Build.0 = Debug|x64
		{B7C4E66C-1A7D-4515-991D-31CDB0748B74}.Debug|x86.ActiveCfg = Debug|Win32
		{B7C4E66C-1A7D-4515-991D-31CDB0748B74}.Debug|x86.Build.0 = Debug|Win32
		{B7C4E66C-1A7D-4515-991D-31CDB0748B74}.Release|x64.ActiveCfg = Release|x64
		{B7C4E66C-1A7D-4515-991D-31CDB0748B74}.Release|x64.Build.0 = Release|x64
		{B7C4E66C-1A7D-4515-991D-31CDB0748B74}.Release|x86.ActiveCfg = Release|Win32
		{B7C4E66C-1A7D-4515-991D-31CDB0748B74}.Release|x86.Build.0 = Release|Win32
		{1F824A12-BC5A-4D89-B60C-367CEBC8ED4E}.Debug|x64.ActiveCfg = Debug|x64
		{1F824A12-BC5A-4D89-B60C-367CEBC8ED4E}.Debug|x64.Build.0 = Debug|x64
		{1F824A12-BC5A-4D89-B60C-367CEBC8ED4E}.Debug|x86.ActiveCfg = Debug|Win32
		{1F824A12-BC5A-4D89-B60C-367CEBC8ED4E}.Debug|x86.Build.0 = Debug|Win32
		{1F824A12-BC5A-4D89-B60C-367CEBC8ED4E}.Release|x64.ActiveCfg = Release|x64
		{1F824A12-BC5A-4D89-B60C-367CEBC8ED4E}.Release|x64.Build.0 = Release|x64
		{1F824A12-BC5A-4D89-B60C-367CEBC8ED4E}.Release|x86.ActiveCfg = Release|Win32
		{1F824A12-BC5A-4D89-B60C-367CEBC8ED4E}.Release|x86.Build.0 = Release|Win32
		{12804F0D-E48C-4240-8054-C53DA0BAFD11}.Debug|x64.ActiveCfg = Debug|x64
		{12804F0D-E48C-4240-8054-C53DA0BAFD11}.Debug|x64.Build.0 = Debug|x64
		{12804F0D-E48C-4240-8054-C53DA0BAFD11}.Debug|x86.ActiveCfg = Debug|Win32
		{12804F0D-E48C-4240-8054-C53DA0BAFD11}.Debug|x86.Build.0 = Debug|Win32
		{12804F0D-E48C-4240-8054-C53DA0BAFD11}.Release|x64.ActiveCfg = Release|x64
		{12804F0D-E48C-4240-8054-C53DA0BAFD11}.Release|x64.Build.0 = Release|x64
		{12804F0D-E48C-4240-8054-C53DA0BAFD11}.Release|x86.ActiveCfg = Release|Win32
		{12804F0D-E48C-4240-8054-C53DA0BAFD11}.Release|x86.Build.0 = Release|Win32
	EndGlobalSection
	GlobalSection(SolutionProperties) = preSolution
		HideSolutionNode = FALSE
	EndGlobalSection
	GlobalSection(ExtensibilityGlobals) = postSolution
		SolutionGuid = {CC88DBBB-DA7D-4496-AA05-0DA6407260F6}
	EndGlobalSection
EndGlobal
