
Microsoft Visual Studio Solution File, Format Version 12.00
# Visual Studio Version 16
VisualStudioVersion = 16.0.31105.61
MinimumVisualStudioVersion = 10.0.40219.1
Project("{8BC9CEB8-8B4A-11D0-8D11-00A0C91BC942}") = "2023-CPP-201", "2023-CPP-201\2023-CPP-201.vcxproj", "{7C3BB3B1-A738-4E58-A098-E1BE21142102}"
EndProject
Global
	GlobalSection(SolutionConfigurationPlatforms) = preSolution
		Debug|x64 = Debug|x64
		Debug|x86 = Debug|x86
		Release|x64 = Release|x64
		Release|x86 = Release|x86
	EndGlobalSection
	GlobalSection(ProjectConfigurationPlatforms) = postSolution
		{7C3BB3B1-A738-4E58-A098-E1BE21142102}.Debug|x64.ActiveCfg = Debug|x64
		{7C3BB3B1-A738-4E58-A098-E1BE21142102}.Debug|x64.Build.0 = Debug|x64
		{7C3BB3B1-A738-4E58-A098-E1BE21142102}.Debug|x86.ActiveCfg = Debug|Win32
		{7C3BB3B1-A738-4E58-A098-E1BE21142102}.Debug|x86.Build.0 = Debug|Win32
		{7C3BB3B1-A738-4E58-A098-E1BE21142102}.Release|x64.ActiveCfg = Release|x64
		{7C3BB3B1-A738-4E58-A098-E1BE21142102}.Release|x64.Build.0 = Release|x64
		{7C3BB3B1-A738-4E58-A098-E1BE21142102}.Release|x86.ActiveCfg = Release|Win32
		{7C3BB3B1-A738-4E58-A098-E1BE21142102}.Release|x86.Build.0 = Release|Win32
	EndGlobalSection
	GlobalSection(SolutionProperties) = preSolution
		HideSolutionNode = FALSE
	EndGlobalSection
	GlobalSection(ExtensibilityGlobals) = postSolution
		SolutionGuid = {CC88DBBB-DA7D-4496-AA05-0DA6407260F6}
	EndGlobalSection
EndGlobal
